
Microsoft Visual Studio Solution File, Format Version 12.00
Project("{2150E333-8FDC-42A3-9474-1A3956D46DE8}") = "src", "src", "{22961957-53E9-4225-9195-9B1839384094}"
EndProject
Project("{2150E333-8FDC-42A3-9474-1A3956D46DE8}") = "apps", "apps", "{4BFA5959-6B53-40E0-B0E4-C7A0D7331940}"
EndProject
Project("{2150E333-8FDC-42A3-9474-1A3956D46DE8}") = "test", "test", "{133091CF-DCA5-48D6-BBF4-D656D884045C}"
EndProject
Project("{FAE04EC0-301F-11D3-BF4B-00C04F79EFBC}") = "Million", "src\Million\Million.csproj", "{78E2B22D-C33D-4C9B-B305-2008C0803335}"
EndProject
Project("{FAE04EC0-301F-11D3-BF4B-00C04F79EFBC}") = "Shared", "src\Shared\Shared.csproj", "{0339E894-7E5F-4533-8531-8DD2BBF0F911}"
EndProject
Project("{FAE04EC0-301F-11D3-BF4B-00C04F79EFBC}") = "Million.Api", "apps\Million.Api\Million.Api.csproj", "{8FDE4047-3E4C-4B74-83C0-929CE31A2FF2}"
EndProject
Project("{2150E333-8FDC-42A3-9474-1A3956D46DE8}") = "src", "src", "{584168CC-D17B-4938-AB8B-25D09E6C958E}"
EndProject
Project("{2150E333-8FDC-42A3-9474-1A3956D46DE8}") = "test", "test", "{EA2B7A58-1C7E-408F-9C65-2D24BF9460BC}"
EndProject
Global
	GlobalSection(SolutionConfigurationPlatforms) = preSolution
		Debug|Any CPU = Debug|Any CPU
		Release|Any CPU = Release|Any CPU
	EndGlobalSection
	GlobalSection(NestedProjects) = preSolution
		{78E2B22D-C33D-4C9B-B305-2008C0803335} = {22961957-53E9-4225-9195-9B1839384094}
		{0339E894-7E5F-4533-8531-8DD2BBF0F911} = {22961957-53E9-4225-9195-9B1839384094}
		{8FDE4047-3E4C-4B74-83C0-929CE31A2FF2} = {4BFA5959-6B53-40E0-B0E4-C7A0D7331940}
		{584168CC-D17B-4938-AB8B-25D09E6C958E} = {133091CF-DCA5-48D6-BBF4-D656D884045C}
		{EA2B7A58-1C7E-408F-9C65-2D24BF9460BC} = {133091CF-DCA5-48D6-BBF4-D656D884045C}
	EndGlobalSection
	GlobalSection(ProjectConfigurationPlatforms) = postSolution
		{78E2B22D-C33D-4C9B-B305-2008C0803335}.Debug|Any CPU.ActiveCfg = Debug|Any CPU
		{78E2B22D-C33D-4C9B-B305-2008C0803335}.Debug|Any CPU.Build.0 = Debug|Any CPU
		{78E2B22D-C33D-4C9B-B305-2008C0803335}.Release|Any CPU.ActiveCfg = Release|Any CPU
		{78E2B22D-C33D-4C9B-B305-2008C0803335}.Release|Any CPU.Build.0 = Release|Any CPU
		{0339E894-7E5F-4533-8531-8DD2BBF0F911}.Debug|Any CPU.ActiveCfg = Debug|Any CPU
		{0339E894-7E5F-4533-8531-8DD2BBF0F911}.Debug|Any CPU.Build.0 = Debug|Any CPU
		{0339E894-7E5F-4533-8531-8DD2BBF0F911}.Release|Any CPU.ActiveCfg = Release|Any CPU
		{0339E894-7E5F-4533-8531-8DD2BBF0F911}.Release|Any CPU.Build.0 = Release|Any CPU
		{8FDE4047-3E4C-4B74-83C0-929CE31A2FF2}.Debug|Any CPU.ActiveCfg = Debug|Any CPU
		{8FDE4047-3E4C-4B74-83C0-929CE31A2FF2}.Debug|Any CPU.Build.0 = Debug|Any CPU
		{8FDE4047-3E4C-4B74-83C0-929CE31A2FF2}.Release|Any CPU.ActiveCfg = Release|Any CPU
		{8FDE4047-3E4C-4B74-83C0-929CE31A2FF2}.Release|Any CPU.Build.0 = Release|Any CPU
	EndGlobalSection
EndGlobal
